
Microsoft Visual Studio Solution File, Format Version 12.00
# Visual Studio 15
VisualStudioVersion = 15.0.27906.1
MinimumVisualStudioVersion = 10.0.40219.1
Project("{FAE04EC0-301F-11D3-BF4B-00C04F79EFBC}") = "Modeller.UI.Wpf", "src\Modeller.UI.Wpf\Modeller.UI.Wpf.csproj", "{F0BBACC7-2844-4E6C-B5CA-DCE563DE9E80}"
EndProject
Project("{9A19103F-16F7-4668-BE54-9A1E7A4F7556}") = "Modeller.Cli", "src\Modeller.Cli\Modeller.Cli.csproj", "{5A23FB62-58A0-4F79-87E5-1D61B14E92DF}"
EndProject
Global
	GlobalSection(SolutionConfigurationPlatforms) = preSolution
		Debug|Any CPU = Debug|Any CPU
		Release|Any CPU = Release|Any CPU
	EndGlobalSection
	GlobalSection(ProjectConfigurationPlatforms) = postSolution
		{F0BBACC7-2844-4E6C-B5CA-DCE563DE9E80}.Debug|Any CPU.ActiveCfg = Debug|Any CPU
		{F0BBACC7-2844-4E6C-B5CA-DCE563DE9E80}.Debug|Any CPU.Build.0 = Debug|Any CPU
		{F0BBACC7-2844-4E6C-B5CA-DCE563DE9E80}.Release|Any CPU.ActiveCfg = Release|Any CPU
		{F0BBACC7-2844-4E6C-B5CA-DCE563DE9E80}.Release|Any CPU.Build.0 = Release|Any CPU
		{5A23FB62-58A0-4F79-87E5-1D61B14E92DF}.Debug|Any CPU.ActiveCfg = Debug|Any CPU
		{5A23FB62-58A0-4F79-87E5-1D61B14E92DF}.Debug|Any CPU.Build.0 = Debug|Any CPU
		{5A23FB62-58A0-4F79-87E5-1D61B14E92DF}.Release|Any CPU.ActiveCfg = Release|Any CPU
		{5A23FB62-58A0-4F79-87E5-1D61B14E92DF}.Release|Any CPU.Build.0 = Release|Any CPU
	EndGlobalSection
	GlobalSection(SolutionProperties) = preSolution
		HideSolutionNode = FALSE
	EndGlobalSection
	GlobalSection(ExtensibilityGlobals) = postSolution
		SolutionGuid = {CBF9DCD7-B5B5-4C3C-8140-0E123C48B701}
	EndGlobalSection
	GlobalSection(TeamFoundationVersionControl) = preSolution
		SccNumberOfProjects = 3
		SccEnterpriseProvider = {4CA58AB2-18FA-4F8D-95D4-32DDF27D184C}
		SccTeamFoundationServer = https://jbsaustralia.visualstudio.com/
		SccLocalPath0 = .
		SccProjectUniqueName1 = src\\Modeller.UI.Wpf\\Modeller.UI.Wpf.csproj
		SccProjectName1 = src/Modeller.UI.Wpf
		SccLocalPath1 = src\\Modeller.UI.Wpf
		SccProjectUniqueName2 = src\\Modeller.Cli\\Modeller.Cli.csproj
		SccProjectName2 = src/Modeller.Cli
		SccLocalPath2 = src\\Modeller.Cli
	EndGlobalSection
EndGlobal
