
Microsoft Visual Studio Solution File, Format Version 12.00
# Visual Studio 15
VisualStudioVersion = 15.0.27825.0
MinimumVisualStudioVersion = 10.0.40219.1
Project("{9A19103F-16F7-4668-BE54-9A1E7A4F7556}") = "Api.v2.0", "Api.v2.0\Api.v2.0.csproj", "{15E74BAD-068E-4D2D-B784-D01363FC8C15}"
EndProject
Project("{9A19103F-16F7-4668-BE54-9A1E7A4F7556}") = "ApiControllerClass.v2.0", "ApiControllerClass.v2.0\ApiControllerClass.v2.0.csproj", "{DE7C7D71-59A6-401D-966E-B826C157C46A}"
EndProject
Project("{9A19103F-16F7-4668-BE54-9A1E7A4F7556}") = "ApiMappingClass.v2.0", "ApiMappingClass.v2.0\ApiMappingClass.v2.0.csproj", "{40B40C25-08AD-450F-93E8-A9BFEA4E6A5E}"
EndProject
Project("{9A19103F-16F7-4668-BE54-9A1E7A4F7556}") = "ApiOptionClass.v2.0", "ApiOptionClass.v2.0\ApiOptionClass.v2.0.csproj", "{7D4C8C02-03BB-4D98-B22E-A6B77B7329F2}"
EndProject
Project("{9A19103F-16F7-4668-BE54-9A1E7A4F7556}") = "Business.v2.0", "Business.v2.0\Business.v2.0.csproj", "{957DAB6D-4A36-483F-BFC8-D97DB5670148}"
EndProject
Project("{9A19103F-16F7-4668-BE54-9A1E7A4F7556}") = "Data.v2.0", "Data.v2.0\Data.v2.0.csproj", "{258B4E08-D001-4BCA-98B5-F15EB1EC4B44}"
EndProject
Project("{9A19103F-16F7-4668-BE54-9A1E7A4F7556}") = "DataDbContext.v2.0", "DataDbContext.v2.0\DataDbContext.v2.0.csproj", "{35DD5368-ED23-4CE1-9A25-D08731A38DD5}"
EndProject
Project("{9A19103F-16F7-4668-BE54-9A1E7A4F7556}") = "DataEntityConfig.v2.0", "DataEntityConfig.v2.0\DataEntityConfig.v2.0.csproj", "{DF7DCC18-982C-406A-9893-30D819F17BD5}"
EndProject
Project("{9A19103F-16F7-4668-BE54-9A1E7A4F7556}") = "Domain.v2.0", "Domain.v2.0\Domain.v2.0.csproj", "{6E59783D-878B-4E79-94E5-0147E3EEC276}"
EndProject
Project("{9A19103F-16F7-4668-BE54-9A1E7A4F7556}") = "Dto.v2.0", "Dto.v2.0\Dto.v2.0.csproj", "{4FD40866-ED32-4D25-8312-4F07A59435B4}"
EndProject
Project("{9A19103F-16F7-4668-BE54-9A1E7A4F7556}") = "DtoClass.v2.0", "DtoClass.v2.0\DtoClass.v2.0.csproj", "{411384B1-47AE-4EC6-98AE-B50252DB6FEF}"
EndProject
Project("{9A19103F-16F7-4668-BE54-9A1E7A4F7556}") = "Property.v2.0", "EntityProperty.v2.0\Property.v2.0.csproj", "{414EBFFD-6C35-4C15-9BD9-AD340D3556D3}"
EndProject
Project("{9A19103F-16F7-4668-BE54-9A1E7A4F7556}") = "InterfaceClass.v2.0", "InterfaceClass.v2.0\InterfaceClass.v2.0.csproj", "{9B0B9F2C-A6EB-4056-939C-5E92D5B373F7}"
EndProject
Project("{9A19103F-16F7-4668-BE54-9A1E7A4F7556}") = "Interface.v2.0", "Interfaces.v2.0\Interface.v2.0.csproj", "{6F2E790F-29ED-4E73-8D4E-77595C3A4FDE}"
EndProject
Project("{9A19103F-16F7-4668-BE54-9A1E7A4F7556}") = "MvcSolution.v2.0", "MvcSolution.v2.0\MvcSolution.v2.0.csproj", "{9170BFCF-72D7-4F89-87DF-7B4787C48225}"
EndProject
Project("{9A19103F-16F7-4668-BE54-9A1E7A4F7556}") = "MvcWebsite.v2.0", "MvcWebsite.v2.0\MvcWebsite.v2.0.csproj", "{6D45AC24-7269-40CE-A1A9-E1D8F961997A}"
EndProject
Project("{9A19103F-16F7-4668-BE54-9A1E7A4F7556}") = "MvcWebSiteProgramClass.v2.0", "MvcWebSiteProgramClass.v2.0\MvcWebSiteProgramClass.v2.0.csproj", "{745F556E-3BA8-423E-9B7B-EDE437177082}"
EndProject
Project("{9A19103F-16F7-4668-BE54-9A1E7A4F7556}") = "Security.v2.0", "Security.v2.0\Security.v2.0.csproj", "{A41ECA47-D657-42B0-84E3-F2790FF0EF36}"
EndProject
Project("{9A19103F-16F7-4668-BE54-9A1E7A4F7556}") = "SecurityClass.v2.0", "SecurityClass.v2.0\SecurityClass.v2.0.csproj", "{7AA5F285-D695-4CD1-813C-32901238906F}"
EndProject
Project("{9A19103F-16F7-4668-BE54-9A1E7A4F7556}") = "SecuritySQL.v2.0", "SecuritySQL.v2.0\SecuritySQL.v2.0.csproj", "{4F951035-F7B8-4316-9152-0021D3BB90A2}"
EndProject
Project("{9A19103F-16F7-4668-BE54-9A1E7A4F7556}") = "UnitTests.v2.0", "UnitTests.v2.0\UnitTests.v2.0.csproj", "{B47DE97F-02F1-4352-BD96-1AE6D5E082EF}"
EndProject
Project("{9A19103F-16F7-4668-BE54-9A1E7A4F7556}") = "WebControllerClass.v2.0", "WebControllerClass.v2.0\WebControllerClass.v2.0.csproj", "{2F751D6F-7D7A-4508-8209-DB8DAE93971D}"
EndProject
Project("{9A19103F-16F7-4668-BE54-9A1E7A4F7556}") = "MvcWebExtensions.v2.0", "MvcWebExtensions.v2.0\MvcWebExtensions.v2.0.csproj", "{4B8C1F33-801D-4602-BCE0-286D9ABC3362}"
EndProject
Project("{9A19103F-16F7-4668-BE54-9A1E7A4F7556}") = "MvcWebViewModels.v2.0", "MvcWebViewModels.v2.0\MvcWebViewModels.v2.0.csproj", "{983CF15C-0E58-4171-A667-7924E6B75057}"
EndProject
Project("{9A19103F-16F7-4668-BE54-9A1E7A4F7556}") = "MvcWebViews.v2.0", "MvcWebViews.v2.0\MvcWebViews.v2.0.csproj", "{E4C6B088-C77F-4238-9185-AA4F83FEA5F0}"
EndProject
Project("{9A19103F-16F7-4668-BE54-9A1E7A4F7556}") = "TestConsole", "TestConsole\TestConsole.csproj", "{ACDF5C82-00A4-4359-AD40-1DC0AF09B13A}"
EndProject
Project("{2150E333-8FDC-42A3-9474-1A3956D46DE8}") = "GeneratorTest", "GeneratorTest", "{6330D067-0269-4411-9E08-205DBBA77A0D}"
	ProjectSection(SolutionItems) = preProject
		README.md = README.md
	EndProjectSection
EndProject
Project("{9A19103F-16F7-4668-BE54-9A1E7A4F7556}") = "DomainClass.v2.0", "DomainClass.v2.0\DomainClass.v2.0.csproj", "{8E061C6D-5F6E-4F1A-92B9-AD9506F78C29}"
EndProject
Project("{9A19103F-16F7-4668-BE54-9A1E7A4F7556}") = "BusinessService.v2.0", "BusinessService.v2.0\BusinessService.v2.0.csproj", "{8D98FD55-6BAA-48F8-9324-645C4665CCD2}"
EndProject
Project("{9A19103F-16F7-4668-BE54-9A1E7A4F7556}") = "BusinessExtension.v2.0", "BusinessExtension.v2.0\BusinessExtension.v2.0.csproj", "{12BB9AB9-BADA-49AA-A250-5DE4692634C3}"
EndProject
Project("{FAE04EC0-301F-11D3-BF4B-00C04F79EFBC}") = "Header.v2.0", "Header.v2.0\Header.v2.0.csproj", "{C30150D3-6A7A-44CD-82B4-99F5AEF5752D}"
EndProject
Global
	GlobalSection(SolutionConfigurationPlatforms) = preSolution
		Debug|Any CPU = Debug|Any CPU
		Release|Any CPU = Release|Any CPU
	EndGlobalSection
	GlobalSection(ProjectConfigurationPlatforms) = postSolution
		{15E74BAD-068E-4D2D-B784-D01363FC8C15}.Debug|Any CPU.ActiveCfg = Debug|Any CPU
		{15E74BAD-068E-4D2D-B784-D01363FC8C15}.Debug|Any CPU.Build.0 = Debug|Any CPU
		{15E74BAD-068E-4D2D-B784-D01363FC8C15}.Release|Any CPU.ActiveCfg = Release|Any CPU
		{15E74BAD-068E-4D2D-B784-D01363FC8C15}.Release|Any CPU.Build.0 = Release|Any CPU
		{DE7C7D71-59A6-401D-966E-B826C157C46A}.Debug|Any CPU.ActiveCfg = Debug|Any CPU
		{DE7C7D71-59A6-401D-966E-B826C157C46A}.Debug|Any CPU.Build.0 = Debug|Any CPU
		{DE7C7D71-59A6-401D-966E-B826C157C46A}.Release|Any CPU.ActiveCfg = Release|Any CPU
		{DE7C7D71-59A6-401D-966E-B826C157C46A}.Release|Any CPU.Build.0 = Release|Any CPU
		{40B40C25-08AD-450F-93E8-A9BFEA4E6A5E}.Debug|Any CPU.ActiveCfg = Debug|Any CPU
		{40B40C25-08AD-450F-93E8-A9BFEA4E6A5E}.Debug|Any CPU.Build.0 = Debug|Any CPU
		{40B40C25-08AD-450F-93E8-A9BFEA4E6A5E}.Release|Any CPU.ActiveCfg = Release|Any CPU
		{40B40C25-08AD-450F-93E8-A9BFEA4E6A5E}.Release|Any CPU.Build.0 = Release|Any CPU
		{7D4C8C02-03BB-4D98-B22E-A6B77B7329F2}.Debug|Any CPU.ActiveCfg = Debug|Any CPU
		{7D4C8C02-03BB-4D98-B22E-A6B77B7329F2}.Debug|Any CPU.Build.0 = Debug|Any CPU
		{7D4C8C02-03BB-4D98-B22E-A6B77B7329F2}.Release|Any CPU.ActiveCfg = Release|Any CPU
		{7D4C8C02-03BB-4D98-B22E-A6B77B7329F2}.Release|Any CPU.Build.0 = Release|Any CPU
		{957DAB6D-4A36-483F-BFC8-D97DB5670148}.Debug|Any CPU.ActiveCfg = Debug|Any CPU
		{957DAB6D-4A36-483F-BFC8-D97DB5670148}.Debug|Any CPU.Build.0 = Debug|Any CPU
		{957DAB6D-4A36-483F-BFC8-D97DB5670148}.Release|Any CPU.ActiveCfg = Release|Any CPU
		{957DAB6D-4A36-483F-BFC8-D97DB5670148}.Release|Any CPU.Build.0 = Release|Any CPU
		{258B4E08-D001-4BCA-98B5-F15EB1EC4B44}.Debug|Any CPU.ActiveCfg = Debug|Any CPU
		{258B4E08-D001-4BCA-98B5-F15EB1EC4B44}.Debug|Any CPU.Build.0 = Debug|Any CPU
		{258B4E08-D001-4BCA-98B5-F15EB1EC4B44}.Release|Any CPU.ActiveCfg = Release|Any CPU
		{258B4E08-D001-4BCA-98B5-F15EB1EC4B44}.Release|Any CPU.Build.0 = Release|Any CPU
		{35DD5368-ED23-4CE1-9A25-D08731A38DD5}.Debug|Any CPU.ActiveCfg = Debug|Any CPU
		{35DD5368-ED23-4CE1-9A25-D08731A38DD5}.Debug|Any CPU.Build.0 = Debug|Any CPU
		{35DD5368-ED23-4CE1-9A25-D08731A38DD5}.Release|Any CPU.ActiveCfg = Release|Any CPU
		{35DD5368-ED23-4CE1-9A25-D08731A38DD5}.Release|Any CPU.Build.0 = Release|Any CPU
		{DF7DCC18-982C-406A-9893-30D819F17BD5}.Debug|Any CPU.ActiveCfg = Debug|Any CPU
		{DF7DCC18-982C-406A-9893-30D819F17BD5}.Debug|Any CPU.Build.0 = Debug|Any CPU
		{DF7DCC18-982C-406A-9893-30D819F17BD5}.Release|Any CPU.ActiveCfg = Release|Any CPU
		{DF7DCC18-982C-406A-9893-30D819F17BD5}.Release|Any CPU.Build.0 = Release|Any CPU
		{6E59783D-878B-4E79-94E5-0147E3EEC276}.Debug|Any CPU.ActiveCfg = Debug|Any CPU
		{6E59783D-878B-4E79-94E5-0147E3EEC276}.Debug|Any CPU.Build.0 = Debug|Any CPU
		{6E59783D-878B-4E79-94E5-0147E3EEC276}.Release|Any CPU.ActiveCfg = Release|Any CPU
		{6E59783D-878B-4E79-94E5-0147E3EEC276}.Release|Any CPU.Build.0 = Release|Any CPU
		{4FD40866-ED32-4D25-8312-4F07A59435B4}.Debug|Any CPU.ActiveCfg = Debug|Any CPU
		{4FD40866-ED32-4D25-8312-4F07A59435B4}.Debug|Any CPU.Build.0 = Debug|Any CPU
		{4FD40866-ED32-4D25-8312-4F07A59435B4}.Release|Any CPU.ActiveCfg = Release|Any CPU
		{4FD40866-ED32-4D25-8312-4F07A59435B4}.Release|Any CPU.Build.0 = Release|Any CPU
		{411384B1-47AE-4EC6-98AE-B50252DB6FEF}.Debug|Any CPU.ActiveCfg = Debug|Any CPU
		{411384B1-47AE-4EC6-98AE-B50252DB6FEF}.Debug|Any CPU.Build.0 = Debug|Any CPU
		{411384B1-47AE-4EC6-98AE-B50252DB6FEF}.Release|Any CPU.ActiveCfg = Release|Any CPU
		{411384B1-47AE-4EC6-98AE-B50252DB6FEF}.Release|Any CPU.Build.0 = Release|Any CPU
		{414EBFFD-6C35-4C15-9BD9-AD340D3556D3}.Debug|Any CPU.ActiveCfg = Debug|Any CPU
		{414EBFFD-6C35-4C15-9BD9-AD340D3556D3}.Debug|Any CPU.Build.0 = Debug|Any CPU
		{414EBFFD-6C35-4C15-9BD9-AD340D3556D3}.Release|Any CPU.ActiveCfg = Release|Any CPU
		{414EBFFD-6C35-4C15-9BD9-AD340D3556D3}.Release|Any CPU.Build.0 = Release|Any CPU
		{9B0B9F2C-A6EB-4056-939C-5E92D5B373F7}.Debug|Any CPU.ActiveCfg = Debug|Any CPU
		{9B0B9F2C-A6EB-4056-939C-5E92D5B373F7}.Debug|Any CPU.Build.0 = Debug|Any CPU
		{9B0B9F2C-A6EB-4056-939C-5E92D5B373F7}.Release|Any CPU.ActiveCfg = Release|Any CPU
		{9B0B9F2C-A6EB-4056-939C-5E92D5B373F7}.Release|Any CPU.Build.0 = Release|Any CPU
		{6F2E790F-29ED-4E73-8D4E-77595C3A4FDE}.Debug|Any CPU.ActiveCfg = Debug|Any CPU
		{6F2E790F-29ED-4E73-8D4E-77595C3A4FDE}.Debug|Any CPU.Build.0 = Debug|Any CPU
		{6F2E790F-29ED-4E73-8D4E-77595C3A4FDE}.Release|Any CPU.ActiveCfg = Release|Any CPU
		{6F2E790F-29ED-4E73-8D4E-77595C3A4FDE}.Release|Any CPU.Build.0 = Release|Any CPU
		{9170BFCF-72D7-4F89-87DF-7B4787C48225}.Debug|Any CPU.ActiveCfg = Debug|Any CPU
		{9170BFCF-72D7-4F89-87DF-7B4787C48225}.Debug|Any CPU.Build.0 = Debug|Any CPU
		{9170BFCF-72D7-4F89-87DF-7B4787C48225}.Release|Any CPU.ActiveCfg = Release|Any CPU
		{9170BFCF-72D7-4F89-87DF-7B4787C48225}.Release|Any CPU.Build.0 = Release|Any CPU
		{6D45AC24-7269-40CE-A1A9-E1D8F961997A}.Debug|Any CPU.ActiveCfg = Debug|Any CPU
		{6D45AC24-7269-40CE-A1A9-E1D8F961997A}.Debug|Any CPU.Build.0 = Debug|Any CPU
		{6D45AC24-7269-40CE-A1A9-E1D8F961997A}.Release|Any CPU.ActiveCfg = Release|Any CPU
		{6D45AC24-7269-40CE-A1A9-E1D8F961997A}.Release|Any CPU.Build.0 = Release|Any CPU
		{745F556E-3BA8-423E-9B7B-EDE437177082}.Debug|Any CPU.ActiveCfg = Debug|Any CPU
		{745F556E-3BA8-423E-9B7B-EDE437177082}.Debug|Any CPU.Build.0 = Debug|Any CPU
		{745F556E-3BA8-423E-9B7B-EDE437177082}.Release|Any CPU.ActiveCfg = Release|Any CPU
		{745F556E-3BA8-423E-9B7B-EDE437177082}.Release|Any CPU.Build.0 = Release|Any CPU
		{A41ECA47-D657-42B0-84E3-F2790FF0EF36}.Debug|Any CPU.ActiveCfg = Debug|Any CPU
		{A41ECA47-D657-42B0-84E3-F2790FF0EF36}.Debug|Any CPU.Build.0 = Debug|Any CPU
		{A41ECA47-D657-42B0-84E3-F2790FF0EF36}.Release|Any CPU.ActiveCfg = Release|Any CPU
		{A41ECA47-D657-42B0-84E3-F2790FF0EF36}.Release|Any CPU.Build.0 = Release|Any CPU
		{7AA5F285-D695-4CD1-813C-32901238906F}.Debug|Any CPU.ActiveCfg = Debug|Any CPU
		{7AA5F285-D695-4CD1-813C-32901238906F}.Debug|Any CPU.Build.0 = Debug|Any CPU
		{7AA5F285-D695-4CD1-813C-32901238906F}.Release|Any CPU.ActiveCfg = Release|Any CPU
		{7AA5F285-D695-4CD1-813C-32901238906F}.Release|Any CPU.Build.0 = Release|Any CPU
		{4F951035-F7B8-4316-9152-0021D3BB90A2}.Debug|Any CPU.ActiveCfg = Debug|Any CPU
		{4F951035-F7B8-4316-9152-0021D3BB90A2}.Debug|Any CPU.Build.0 = Debug|Any CPU
		{4F951035-F7B8-4316-9152-0021D3BB90A2}.Release|Any CPU.ActiveCfg = Release|Any CPU
		{4F951035-F7B8-4316-9152-0021D3BB90A2}.Release|Any CPU.Build.0 = Release|Any CPU
		{B47DE97F-02F1-4352-BD96-1AE6D5E082EF}.Debug|Any CPU.ActiveCfg = Debug|Any CPU
		{B47DE97F-02F1-4352-BD96-1AE6D5E082EF}.Debug|Any CPU.Build.0 = Debug|Any CPU
		{B47DE97F-02F1-4352-BD96-1AE6D5E082EF}.Release|Any CPU.ActiveCfg = Release|Any CPU
		{B47DE97F-02F1-4352-BD96-1AE6D5E082EF}.Release|Any CPU.Build.0 = Release|Any CPU
		{2F751D6F-7D7A-4508-8209-DB8DAE93971D}.Debug|Any CPU.ActiveCfg = Debug|Any CPU
		{2F751D6F-7D7A-4508-8209-DB8DAE93971D}.Debug|Any CPU.Build.0 = Debug|Any CPU
		{2F751D6F-7D7A-4508-8209-DB8DAE93971D}.Release|Any CPU.ActiveCfg = Release|Any CPU
		{2F751D6F-7D7A-4508-8209-DB8DAE93971D}.Release|Any CPU.Build.0 = Release|Any CPU
		{4B8C1F33-801D-4602-BCE0-286D9ABC3362}.Debug|Any CPU.ActiveCfg = Debug|Any CPU
		{4B8C1F33-801D-4602-BCE0-286D9ABC3362}.Debug|Any CPU.Build.0 = Debug|Any CPU
		{4B8C1F33-801D-4602-BCE0-286D9ABC3362}.Release|Any CPU.ActiveCfg = Release|Any CPU
		{4B8C1F33-801D-4602-BCE0-286D9ABC3362}.Release|Any CPU.Build.0 = Release|Any CPU
		{983CF15C-0E58-4171-A667-7924E6B75057}.Debug|Any CPU.ActiveCfg = Debug|Any CPU
		{983CF15C-0E58-4171-A667-7924E6B75057}.Debug|Any CPU.Build.0 = Debug|Any CPU
		{983CF15C-0E58-4171-A667-7924E6B75057}.Release|Any CPU.ActiveCfg = Release|Any CPU
		{983CF15C-0E58-4171-A667-7924E6B75057}.Release|Any CPU.Build.0 = Release|Any CPU
		{E4C6B088-C77F-4238-9185-AA4F83FEA5F0}.Debug|Any CPU.ActiveCfg = Debug|Any CPU
		{E4C6B088-C77F-4238-9185-AA4F83FEA5F0}.Debug|Any CPU.Build.0 = Debug|Any CPU
		{E4C6B088-C77F-4238-9185-AA4F83FEA5F0}.Release|Any CPU.ActiveCfg = Release|Any CPU
		{E4C6B088-C77F-4238-9185-AA4F83FEA5F0}.Release|Any CPU.Build.0 = Release|Any CPU
		{ACDF5C82-00A4-4359-AD40-1DC0AF09B13A}.Debug|Any CPU.ActiveCfg = Debug|Any CPU
		{ACDF5C82-00A4-4359-AD40-1DC0AF09B13A}.Debug|Any CPU.Build.0 = Debug|Any CPU
		{ACDF5C82-00A4-4359-AD40-1DC0AF09B13A}.Release|Any CPU.ActiveCfg = Release|Any CPU
		{ACDF5C82-00A4-4359-AD40-1DC0AF09B13A}.Release|Any CPU.Build.0 = Release|Any CPU
		{8E061C6D-5F6E-4F1A-92B9-AD9506F78C29}.Debug|Any CPU.ActiveCfg = Debug|Any CPU
		{8E061C6D-5F6E-4F1A-92B9-AD9506F78C29}.Debug|Any CPU.Build.0 = Debug|Any CPU
		{8E061C6D-5F6E-4F1A-92B9-AD9506F78C29}.Release|Any CPU.ActiveCfg = Release|Any CPU
		{8E061C6D-5F6E-4F1A-92B9-AD9506F78C29}.Release|Any CPU.Build.0 = Release|Any CPU
		{8D98FD55-6BAA-48F8-9324-645C4665CCD2}.Debug|Any CPU.ActiveCfg = Debug|Any CPU
		{8D98FD55-6BAA-48F8-9324-645C4665CCD2}.Debug|Any CPU.Build.0 = Debug|Any CPU
		{8D98FD55-6BAA-48F8-9324-645C4665CCD2}.Release|Any CPU.ActiveCfg = Release|Any CPU
		{8D98FD55-6BAA-48F8-9324-645C4665CCD2}.Release|Any CPU.Build.0 = Release|Any CPU
		{12BB9AB9-BADA-49AA-A250-5DE4692634C3}.Debug|Any CPU.ActiveCfg = Debug|Any CPU
		{12BB9AB9-BADA-49AA-A250-5DE4692634C3}.Debug|Any CPU.Build.0 = Debug|Any CPU
		{12BB9AB9-BADA-49AA-A250-5DE4692634C3}.Release|Any CPU.ActiveCfg = Release|Any CPU
		{12BB9AB9-BADA-49AA-A250-5DE4692634C3}.Release|Any CPU.Build.0 = Release|Any CPU
		{C30150D3-6A7A-44CD-82B4-99F5AEF5752D}.Debug|Any CPU.ActiveCfg = Debug|Any CPU
		{C30150D3-6A7A-44CD-82B4-99F5AEF5752D}.Debug|Any CPU.Build.0 = Debug|Any CPU
		{C30150D3-6A7A-44CD-82B4-99F5AEF5752D}.Release|Any CPU.ActiveCfg = Release|Any CPU
		{C30150D3-6A7A-44CD-82B4-99F5AEF5752D}.Release|Any CPU.Build.0 = Release|Any CPU
	EndGlobalSection
	GlobalSection(SolutionProperties) = preSolution
		HideSolutionNode = FALSE
	EndGlobalSection
	GlobalSection(NestedProjects) = preSolution
		{ACDF5C82-00A4-4359-AD40-1DC0AF09B13A} = {6330D067-0269-4411-9E08-205DBBA77A0D}
	EndGlobalSection
	GlobalSection(ExtensibilityGlobals) = postSolution
		SolutionGuid = {132A2CAC-B63D-462E-913C-685A382E62F5}
	EndGlobalSection
EndGlobal
