
Microsoft Visual Studio Solution File, Format Version 12.00
# Visual Studio Version 16
VisualStudioVersion = 16.0.28315.86
MinimumVisualStudioVersion = 10.0.40219.1
Project("{9A19103F-16F7-4668-BE54-9A1E7A4F7556}") = "Hy.Modeller.Core", "src\Modeller.Core\Hy.Modeller.Core.csproj", "{037E7B22-94B5-4E94-866C-DE0742628BE2}"
EndProject
Project("{9A19103F-16F7-4668-BE54-9A1E7A4F7556}") = "Hy.Modeller.Fluent", "src\Modeller.Fluent\Hy.Modeller.Fluent.csproj", "{EB8D0170-0796-4263-8FBE-F86E775B8157}"
EndProject
Project("{2150E333-8FDC-42A3-9474-1A3956D46DE8}") = "src", "src", "{D3FFDC00-B7C7-4D42-B61B-BBFAFBDC1082}"
EndProject
Project("{2150E333-8FDC-42A3-9474-1A3956D46DE8}") = "tests", "tests", "{17B8BA08-E6EC-4099-8A9B-8024B693D65A}"
EndProject
Project("{9A19103F-16F7-4668-BE54-9A1E7A4F7556}") = "Modeller.Tests", "tests\Modeller.Tests\Modeller.Tests.csproj", "{3617DD88-FD7D-4B06-9FB5-20015CE88324}"
EndProject
Project("{9A19103F-16F7-4668-BE54-9A1E7A4F7556}") = "TestGenerator", "tests\TestGenerator\TestGenerator.csproj", "{ED20278E-D10C-4EEB-85E5-96A4B9B26E83}"
EndProject
Project("{9A19103F-16F7-4668-BE54-9A1E7A4F7556}") = "Hy.Modeller.Base", "src\Modeller.Base\Hy.Modeller.Base.csproj", "{A5737DD5-9B8B-43ED-A633-AC64AA981E0C}"
EndProject
Project("{9A19103F-16F7-4668-BE54-9A1E7A4F7556}") = "Modeller-tool", "src\Modeller-tool\Modeller-tool.csproj", "{5360F53C-9C64-4D2B-AAB9-7848D7FC1B87}"
EndProject
Project("{2150E333-8FDC-42A3-9474-1A3956D46DE8}") = "generators", "generators", "{366EE223-D3FD-4229-9320-1DCDEAC4D2A9}"
EndProject
Project("{9A19103F-16F7-4668-BE54-9A1E7A4F7556}") = "ClassLibrary.v1.0", "generators\ClassLibrary.v1.0\ClassLibrary.v1.0.csproj", "{8E2A4A56-5EFD-4FD1-9213-DC2BAD6401F8}"
EndProject
Global
	GlobalSection(SolutionConfigurationPlatforms) = preSolution
		Debug|Any CPU = Debug|Any CPU
		Release|Any CPU = Release|Any CPU
	EndGlobalSection
	GlobalSection(ProjectConfigurationPlatforms) = postSolution
		{037E7B22-94B5-4E94-866C-DE0742628BE2}.Debug|Any CPU.ActiveCfg = Debug|Any CPU
		{037E7B22-94B5-4E94-866C-DE0742628BE2}.Debug|Any CPU.Build.0 = Debug|Any CPU
		{037E7B22-94B5-4E94-866C-DE0742628BE2}.Release|Any CPU.ActiveCfg = Release|Any CPU
		{037E7B22-94B5-4E94-866C-DE0742628BE2}.Release|Any CPU.Build.0 = Release|Any CPU
		{EB8D0170-0796-4263-8FBE-F86E775B8157}.Debug|Any CPU.ActiveCfg = Debug|Any CPU
		{EB8D0170-0796-4263-8FBE-F86E775B8157}.Debug|Any CPU.Build.0 = Debug|Any CPU
		{EB8D0170-0796-4263-8FBE-F86E775B8157}.Release|Any CPU.ActiveCfg = Release|Any CPU
		{EB8D0170-0796-4263-8FBE-F86E775B8157}.Release|Any CPU.Build.0 = Release|Any CPU
		{3617DD88-FD7D-4B06-9FB5-20015CE88324}.Debug|Any CPU.ActiveCfg = Debug|Any CPU
		{3617DD88-FD7D-4B06-9FB5-20015CE88324}.Debug|Any CPU.Build.0 = Debug|Any CPU
		{3617DD88-FD7D-4B06-9FB5-20015CE88324}.Release|Any CPU.ActiveCfg = Release|Any CPU
		{3617DD88-FD7D-4B06-9FB5-20015CE88324}.Release|Any CPU.Build.0 = Release|Any CPU
		{ED20278E-D10C-4EEB-85E5-96A4B9B26E83}.Debug|Any CPU.ActiveCfg = Debug|Any CPU
		{ED20278E-D10C-4EEB-85E5-96A4B9B26E83}.Debug|Any CPU.Build.0 = Debug|Any CPU
		{ED20278E-D10C-4EEB-85E5-96A4B9B26E83}.Release|Any CPU.ActiveCfg = Release|Any CPU
		{ED20278E-D10C-4EEB-85E5-96A4B9B26E83}.Release|Any CPU.Build.0 = Release|Any CPU
		{A5737DD5-9B8B-43ED-A633-AC64AA981E0C}.Debug|Any CPU.ActiveCfg = Debug|Any CPU
		{A5737DD5-9B8B-43ED-A633-AC64AA981E0C}.Debug|Any CPU.Build.0 = Debug|Any CPU
		{A5737DD5-9B8B-43ED-A633-AC64AA981E0C}.Release|Any CPU.ActiveCfg = Release|Any CPU
		{A5737DD5-9B8B-43ED-A633-AC64AA981E0C}.Release|Any CPU.Build.0 = Release|Any CPU
		{5360F53C-9C64-4D2B-AAB9-7848D7FC1B87}.Debug|Any CPU.ActiveCfg = Debug|Any CPU
		{5360F53C-9C64-4D2B-AAB9-7848D7FC1B87}.Debug|Any CPU.Build.0 = Debug|Any CPU
		{5360F53C-9C64-4D2B-AAB9-7848D7FC1B87}.Release|Any CPU.ActiveCfg = Release|Any CPU
		{5360F53C-9C64-4D2B-AAB9-7848D7FC1B87}.Release|Any CPU.Build.0 = Release|Any CPU
		{8E2A4A56-5EFD-4FD1-9213-DC2BAD6401F8}.Debug|Any CPU.ActiveCfg = Debug|Any CPU
		{8E2A4A56-5EFD-4FD1-9213-DC2BAD6401F8}.Debug|Any CPU.Build.0 = Debug|Any CPU
		{8E2A4A56-5EFD-4FD1-9213-DC2BAD6401F8}.Release|Any CPU.ActiveCfg = Release|Any CPU
		{8E2A4A56-5EFD-4FD1-9213-DC2BAD6401F8}.Release|Any CPU.Build.0 = Release|Any CPU
	EndGlobalSection
	GlobalSection(SolutionProperties) = preSolution
		HideSolutionNode = FALSE
	EndGlobalSection
	GlobalSection(NestedProjects) = preSolution
		{037E7B22-94B5-4E94-866C-DE0742628BE2} = {D3FFDC00-B7C7-4D42-B61B-BBFAFBDC1082}
		{EB8D0170-0796-4263-8FBE-F86E775B8157} = {D3FFDC00-B7C7-4D42-B61B-BBFAFBDC1082}
		{3617DD88-FD7D-4B06-9FB5-20015CE88324} = {17B8BA08-E6EC-4099-8A9B-8024B693D65A}
		{ED20278E-D10C-4EEB-85E5-96A4B9B26E83} = {17B8BA08-E6EC-4099-8A9B-8024B693D65A}
		{A5737DD5-9B8B-43ED-A633-AC64AA981E0C} = {D3FFDC00-B7C7-4D42-B61B-BBFAFBDC1082}
		{5360F53C-9C64-4D2B-AAB9-7848D7FC1B87} = {D3FFDC00-B7C7-4D42-B61B-BBFAFBDC1082}
		{8E2A4A56-5EFD-4FD1-9213-DC2BAD6401F8} = {366EE223-D3FD-4229-9320-1DCDEAC4D2A9}
	EndGlobalSection
	GlobalSection(ExtensibilityGlobals) = postSolution
		SolutionGuid = {4C80F4FD-6A93-4661-A3A6-6FBACFAA6F63}
	EndGlobalSection
EndGlobal
